
Microsoft Visual Studio Solution File, Format Version 12.00
# Visual Studio 15
VisualStudioVersion = 15.0.28010.2003
MinimumVisualStudioVersion = 10.0.40219.1
Project("{FAE04EC0-301F-11D3-BF4B-00C04F79EFBC}") = "WPF_Sandbox", "WPF_Sandbox\WPF_Sandbox.csproj", "{D0158F41-AC93-4597-96EC-EE3A1728BBA7}"
EndProject
Global
	GlobalSection(SolutionConfigurationPlatforms) = preSolution
		Debug|Any CPU = Debug|Any CPU
		Release|Any CPU = Release|Any CPU
	EndGlobalSection
	GlobalSection(ProjectConfigurationPlatforms) = postSolution
		{D0158F41-AC93-4597-96EC-EE3A1728BBA7}.Debug|Any CPU.ActiveCfg = Debug|Any CPU
		{D0158F41-AC93-4597-96EC-EE3A1728BBA7}.Debug|Any CPU.Build.0 = Debug|Any CPU
		{D0158F41-AC93-4597-96EC-EE3A1728BBA7}.Release|Any CPU.ActiveCfg = Release|Any CPU
		{D0158F41-AC93-4597-96EC-EE3A1728BBA7}.Release|Any CPU.Build.0 = Release|Any CPU
	EndGlobalSection
	GlobalSection(SolutionProperties) = preSolution
		HideSolutionNode = FALSE
	EndGlobalSection
	GlobalSection(ExtensibilityGlobals) = postSolution
		SolutionGuid = {8C00E76D-EA07-4064-8519-EA54BDDD642C}
	EndGlobalSection
EndGlobal
